
Microsoft Visual Studio Solution File, Format Version 12.00
Project("{2150E333-8FDC-42A3-9474-1A3956D46DE8}") = "LIMS", "LIMS", "{5160D0A8-BCC4-42F3-8102-6680FB4C4533}"
EndProject
Project("{2150E333-8FDC-42A3-9474-1A3956D46DE8}") = "Solution Files", "Solution Files", "{25C25A69-5166-4FE8-B612-26BF5BA8D344}"
	ProjectSection(SolutionItems) = preProject
		.dockerignore = .dockerignore
		.editorconfig = .editorconfig
		.gitignore = .gitignore
	EndProjectSection
EndProject
Project("{FAE04EC0-301F-11D3-BF4B-00C04F79EFBC}") = "LIMS.Service.Methodologies.Domain", "src\LIMS.Service.Methodologies.Domain\LIMS.Service.Methodologies.Domain.csproj", "{84FBFE31-7AC3-462A-9B67-CB6887BC21C0}"
EndProject
Project("{FAE04EC0-301F-11D3-BF4B-00C04F79EFBC}") = "LIMS.Service.Methodologies.Application", "src\LIMS.Service.Methodologies.Application\LIMS.Service.Methodologies.Application.csproj", "{5E6E8E07-C7A4-4DBE-9215-02A83828CC6F}"
EndProject
Project("{FAE04EC0-301F-11D3-BF4B-00C04F79EFBC}") = "LIMS.Service.Methodologies.API", "src\LIMS.Service.Methodologies.API\LIMS.Service.Methodologies.API.csproj", "{CFC1F006-AB3E-4906-9B83-0DB95B3D7B71}"
EndProject
Project("{2150E333-8FDC-42A3-9474-1A3956D46DE8}") = "Guides", "Guides", "{ECDC5063-8703-4563-90ED-9CA188064DC8}"
EndProject
Project("{FAE04EC0-301F-11D3-BF4B-00C04F79EFBC}") = "Guides.Service", "src\Guides.Service\Guides.Service.csproj", "{9EDAEF6A-F590-495C-B262-EABC3657860D}"
EndProject
Project("{2150E333-8FDC-42A3-9474-1A3956D46DE8}") = "Messages", "Messages", "{7570D6EF-62DD-4245-B8DC-8630259BB493}"
EndProject
Project("{FAE04EC0-301F-11D3-BF4B-00C04F79EFBC}") = "Broker.Messages", "src\Broker.Messages\Broker.Messages.csproj", "{ADD698B0-821B-4B14-9A9E-52481CC0FBE2}"
EndProject
Project("{2150E333-8FDC-42A3-9474-1A3956D46DE8}") = "RabbitMq", "RabbitMq", "{3CD25C1E-D65B-46F0-9DBE-DF904FFCCF79}"
EndProject
Project("{FAE04EC0-301F-11D3-BF4B-00C04F79EFBC}") = "RabbitMq.Library.Broker", "src\RabbitMq.Library.Broker\RabbitMq.Library.Broker.csproj", "{BC2E4D27-0685-4194-A258-9C6C2A6A6AB7}"
EndProject
Project("{FAE04EC0-301F-11D3-BF4B-00C04F79EFBC}") = "LIMS.Service.Methodologies.Infrastructure", "src\LIMS.Service.Methodologies.Infrastructure\LIMS.Service.Methodologies.Infrastructure.csproj", "{713D93EB-C00F-45FC-AA25-2123C6D95667}"
EndProject
Project("{FAE04EC0-301F-11D3-BF4B-00C04F79EFBC}") = "LIMS.Service.Methodologies.Persistence", "src\LIMS.Service.Methodologies.Persistence\LIMS.Service.Methodologies.Persistence.csproj", "{8E311C28-928F-4439-8B5C-C0CDE861024C}"
EndProject
Project("{2150E333-8FDC-42A3-9474-1A3956D46DE8}") = "Methodologies", "Methodologies", "{C06659A6-D75A-4CEC-A526-36D0F8566AC2}"
EndProject
Project("{2150E333-8FDC-42A3-9474-1A3956D46DE8}") = "LaboratoryOperations", "LaboratoryOperations", "{332D431A-0DC5-4287-8C2E-60F3682EA709}"
EndProject
Project("{FAE04EC0-301F-11D3-BF4B-00C04F79EFBC}") = "LIMS.Service.LaboratoryOperations.API", "src\LIMS.Service.LaboratoryOperations.API\LIMS.Service.LaboratoryOperations.API.csproj", "{1E547973-B497-415C-8599-3839B71442E1}"
EndProject
Project("{FAE04EC0-301F-11D3-BF4B-00C04F79EFBC}") = "LIMS.Service.LaboratoryOperations.Application", "src\LIMS.Service.LaboratoryOperations.Application\LIMS.Service.LaboratoryOperations.Application.csproj", "{330888B0-96C3-450F-A7EA-F0F528ABAE98}"
EndProject
Project("{FAE04EC0-301F-11D3-BF4B-00C04F79EFBC}") = "LIMS.Service.LaboratoryOperations.Domain", "src\LIMS.Service.LaboratoryOperations.Domain\LIMS.Service.LaboratoryOperations.Domain.csproj", "{2C50FE34-A91E-49B5-A47D-E4B7AC42A4FD}"
EndProject
Project("{FAE04EC0-301F-11D3-BF4B-00C04F79EFBC}") = "LIMS.Service.LaboratoryOperations.Infrastructure", "src\LIMS.Service.LaboratoryOperations.Infrastructure\LIMS.Service.LaboratoryOperations.Infrastructure.csproj", "{10635625-3FBC-43A3-827D-428BC53F8D36}"
EndProject
Project("{FAE04EC0-301F-11D3-BF4B-00C04F79EFBC}") = "LIMS.Service.LaboratoryOperations.Persistence", "src\LIMS.Service.LaboratoryOperations.Persistence\LIMS.Service.LaboratoryOperations.Persistence.csproj", "{D034519E-AF4F-46F7-B09D-0D81B336D4A3}"
EndProject
Project("{2150E333-8FDC-42A3-9474-1A3956D46DE8}") = "Libraries", "Libraries", "{42E5E72B-4D07-4D36-BAA6-29885F103F1A}"
EndProject
Project("{FAE04EC0-301F-11D3-BF4B-00C04F79EFBC}") = "Domain.SeedWork", "src\Domain.SeedWork\Domain.SeedWork.csproj", "{3B4EF734-3AC9-4DF6-B637-7B079D0F34B8}"
EndProject
Project("{FAE04EC0-301F-11D3-BF4B-00C04F79EFBC}") = "Application.SeedWork", "src\Application.SeedWork\Application.SeedWork.csproj", "{860D2680-71C4-4FFF-8860-25AA3D303C07}"
EndProject
Project("{2150E333-8FDC-42A3-9474-1A3956D46DE8}") = "Http", "Http", "{2602B473-4EB1-4B50-B8AF-264A0382E2C2}"
	ProjectSection(SolutionItems) = preProject
		LIMS.http = LIMS.http
	EndProjectSection
EndProject
Project("{FAE04EC0-301F-11D3-BF4B-00C04F79EFBC}") = "RabbitMq.Library.Outbox", "src\RabbitMq.Library.Outbox\RabbitMq.Library.Outbox.csproj", "{77A386BD-F7C3-4D78-8B2A-1F63BBE974BE}"
EndProject
Project("{FAE04EC0-301F-11D3-BF4B-00C04F79EFBC}") = "RabbitMq.Library.Broker.Abstractions", "src\RabbitMq.Library.Broker.Abstractions\RabbitMq.Library.Broker.Abstractions.csproj", "{FEC02BB9-DD02-4E28-AB78-9787D794D681}"
EndProject
Project("{FAE04EC0-301F-11D3-BF4B-00C04F79EFBC}") = "RabbitMq.Library.Outbox.Abstractions", "src\RabbitMq.Library.Outbox.Abstractions\RabbitMq.Library.Outbox.Abstractions.csproj", "{9B45A877-7CC8-4A7C-8CAF-D5DCF9002EAF}"
EndProject
Global
	GlobalSection(SolutionConfigurationPlatforms) = preSolution
		Debug|Any CPU = Debug|Any CPU
		Release|Any CPU = Release|Any CPU
	EndGlobalSection
	GlobalSection(NestedProjects) = preSolution
		{9EDAEF6A-F590-495C-B262-EABC3657860D} = {ECDC5063-8703-4563-90ED-9CA188064DC8}
		{ADD698B0-821B-4B14-9A9E-52481CC0FBE2} = {7570D6EF-62DD-4245-B8DC-8630259BB493}
		{BC2E4D27-0685-4194-A258-9C6C2A6A6AB7} = {3CD25C1E-D65B-46F0-9DBE-DF904FFCCF79}
		{C06659A6-D75A-4CEC-A526-36D0F8566AC2} = {5160D0A8-BCC4-42F3-8102-6680FB4C4533}
		{332D431A-0DC5-4287-8C2E-60F3682EA709} = {5160D0A8-BCC4-42F3-8102-6680FB4C4533}
		{CFC1F006-AB3E-4906-9B83-0DB95B3D7B71} = {C06659A6-D75A-4CEC-A526-36D0F8566AC2}
		{5E6E8E07-C7A4-4DBE-9215-02A83828CC6F} = {C06659A6-D75A-4CEC-A526-36D0F8566AC2}
		{84FBFE31-7AC3-462A-9B67-CB6887BC21C0} = {C06659A6-D75A-4CEC-A526-36D0F8566AC2}
		{713D93EB-C00F-45FC-AA25-2123C6D95667} = {C06659A6-D75A-4CEC-A526-36D0F8566AC2}
		{8E311C28-928F-4439-8B5C-C0CDE861024C} = {C06659A6-D75A-4CEC-A526-36D0F8566AC2}
		{1E547973-B497-415C-8599-3839B71442E1} = {332D431A-0DC5-4287-8C2E-60F3682EA709}
		{330888B0-96C3-450F-A7EA-F0F528ABAE98} = {332D431A-0DC5-4287-8C2E-60F3682EA709}
		{2C50FE34-A91E-49B5-A47D-E4B7AC42A4FD} = {332D431A-0DC5-4287-8C2E-60F3682EA709}
		{10635625-3FBC-43A3-827D-428BC53F8D36} = {332D431A-0DC5-4287-8C2E-60F3682EA709}
		{D034519E-AF4F-46F7-B09D-0D81B336D4A3} = {332D431A-0DC5-4287-8C2E-60F3682EA709}
		{3B4EF734-3AC9-4DF6-B637-7B079D0F34B8} = {42E5E72B-4D07-4D36-BAA6-29885F103F1A}
		{860D2680-71C4-4FFF-8860-25AA3D303C07} = {42E5E72B-4D07-4D36-BAA6-29885F103F1A}
		{77A386BD-F7C3-4D78-8B2A-1F63BBE974BE} = {3CD25C1E-D65B-46F0-9DBE-DF904FFCCF79}
		{FEC02BB9-DD02-4E28-AB78-9787D794D681} = {3CD25C1E-D65B-46F0-9DBE-DF904FFCCF79}
		{9B45A877-7CC8-4A7C-8CAF-D5DCF9002EAF} = {3CD25C1E-D65B-46F0-9DBE-DF904FFCCF79}
	EndGlobalSection
	GlobalSection(ProjectConfigurationPlatforms) = postSolution
		{84FBFE31-7AC3-462A-9B67-CB6887BC21C0}.Debug|Any CPU.ActiveCfg = Debug|Any CPU
		{84FBFE31-7AC3-462A-9B67-CB6887BC21C0}.Debug|Any CPU.Build.0 = Debug|Any CPU
		{84FBFE31-7AC3-462A-9B67-CB6887BC21C0}.Release|Any CPU.ActiveCfg = Release|Any CPU
		{84FBFE31-7AC3-462A-9B67-CB6887BC21C0}.Release|Any CPU.Build.0 = Release|Any CPU
		{5E6E8E07-C7A4-4DBE-9215-02A83828CC6F}.Debug|Any CPU.ActiveCfg = Debug|Any CPU
		{5E6E8E07-C7A4-4DBE-9215-02A83828CC6F}.Debug|Any CPU.Build.0 = Debug|Any CPU
		{5E6E8E07-C7A4-4DBE-9215-02A83828CC6F}.Release|Any CPU.ActiveCfg = Release|Any CPU
		{5E6E8E07-C7A4-4DBE-9215-02A83828CC6F}.Release|Any CPU.Build.0 = Release|Any CPU
		{CFC1F006-AB3E-4906-9B83-0DB95B3D7B71}.Debug|Any CPU.ActiveCfg = Debug|Any CPU
		{CFC1F006-AB3E-4906-9B83-0DB95B3D7B71}.Debug|Any CPU.Build.0 = Debug|Any CPU
		{CFC1F006-AB3E-4906-9B83-0DB95B3D7B71}.Release|Any CPU.ActiveCfg = Release|Any CPU
		{CFC1F006-AB3E-4906-9B83-0DB95B3D7B71}.Release|Any CPU.Build.0 = Release|Any CPU
		{9EDAEF6A-F590-495C-B262-EABC3657860D}.Debug|Any CPU.ActiveCfg = Debug|Any CPU
		{9EDAEF6A-F590-495C-B262-EABC3657860D}.Debug|Any CPU.Build.0 = Debug|Any CPU
		{9EDAEF6A-F590-495C-B262-EABC3657860D}.Release|Any CPU.ActiveCfg = Release|Any CPU
		{9EDAEF6A-F590-495C-B262-EABC3657860D}.Release|Any CPU.Build.0 = Release|Any CPU
		{ADD698B0-821B-4B14-9A9E-52481CC0FBE2}.Debug|Any CPU.ActiveCfg = Debug|Any CPU
		{ADD698B0-821B-4B14-9A9E-52481CC0FBE2}.Debug|Any CPU.Build.0 = Debug|Any CPU
		{ADD698B0-821B-4B14-9A9E-52481CC0FBE2}.Release|Any CPU.ActiveCfg = Release|Any CPU
		{ADD698B0-821B-4B14-9A9E-52481CC0FBE2}.Release|Any CPU.Build.0 = Release|Any CPU
		{BC2E4D27-0685-4194-A258-9C6C2A6A6AB7}.Debug|Any CPU.ActiveCfg = Debug|Any CPU
		{BC2E4D27-0685-4194-A258-9C6C2A6A6AB7}.Debug|Any CPU.Build.0 = Debug|Any CPU
		{BC2E4D27-0685-4194-A258-9C6C2A6A6AB7}.Release|Any CPU.ActiveCfg = Release|Any CPU
		{BC2E4D27-0685-4194-A258-9C6C2A6A6AB7}.Release|Any CPU.Build.0 = Release|Any CPU
		{713D93EB-C00F-45FC-AA25-2123C6D95667}.Debug|Any CPU.ActiveCfg = Debug|Any CPU
		{713D93EB-C00F-45FC-AA25-2123C6D95667}.Debug|Any CPU.Build.0 = Debug|Any CPU
		{713D93EB-C00F-45FC-AA25-2123C6D95667}.Release|Any CPU.ActiveCfg = Release|Any CPU
		{713D93EB-C00F-45FC-AA25-2123C6D95667}.Release|Any CPU.Build.0 = Release|Any CPU
		{8E311C28-928F-4439-8B5C-C0CDE861024C}.Debug|Any CPU.ActiveCfg = Debug|Any CPU
		{8E311C28-928F-4439-8B5C-C0CDE861024C}.Debug|Any CPU.Build.0 = Debug|Any CPU
		{8E311C28-928F-4439-8B5C-C0CDE861024C}.Release|Any CPU.ActiveCfg = Release|Any CPU
		{8E311C28-928F-4439-8B5C-C0CDE861024C}.Release|Any CPU.Build.0 = Release|Any CPU
		{1E547973-B497-415C-8599-3839B71442E1}.Debug|Any CPU.ActiveCfg = Debug|Any CPU
		{1E547973-B497-415C-8599-3839B71442E1}.Debug|Any CPU.Build.0 = Debug|Any CPU
		{1E547973-B497-415C-8599-3839B71442E1}.Release|Any CPU.ActiveCfg = Release|Any CPU
		{1E547973-B497-415C-8599-3839B71442E1}.Release|Any CPU.Build.0 = Release|Any CPU
		{330888B0-96C3-450F-A7EA-F0F528ABAE98}.Debug|Any CPU.ActiveCfg = Debug|Any CPU
		{330888B0-96C3-450F-A7EA-F0F528ABAE98}.Debug|Any CPU.Build.0 = Debug|Any CPU
		{330888B0-96C3-450F-A7EA-F0F528ABAE98}.Release|Any CPU.ActiveCfg = Release|Any CPU
		{330888B0-96C3-450F-A7EA-F0F528ABAE98}.Release|Any CPU.Build.0 = Release|Any CPU
		{2C50FE34-A91E-49B5-A47D-E4B7AC42A4FD}.Debug|Any CPU.ActiveCfg = Debug|Any CPU
		{2C50FE34-A91E-49B5-A47D-E4B7AC42A4FD}.Debug|Any CPU.Build.0 = Debug|Any CPU
		{2C50FE34-A91E-49B5-A47D-E4B7AC42A4FD}.Release|Any CPU.ActiveCfg = Release|Any CPU
		{2C50FE34-A91E-49B5-A47D-E4B7AC42A4FD}.Release|Any CPU.Build.0 = Release|Any CPU
		{10635625-3FBC-43A3-827D-428BC53F8D36}.Debug|Any CPU.ActiveCfg = Debug|Any CPU
		{10635625-3FBC-43A3-827D-428BC53F8D36}.Debug|Any CPU.Build.0 = Debug|Any CPU
		{10635625-3FBC-43A3-827D-428BC53F8D36}.Release|Any CPU.ActiveCfg = Release|Any CPU
		{10635625-3FBC-43A3-827D-428BC53F8D36}.Release|Any CPU.Build.0 = Release|Any CPU
		{D034519E-AF4F-46F7-B09D-0D81B336D4A3}.Debug|Any CPU.ActiveCfg = Debug|Any CPU
		{D034519E-AF4F-46F7-B09D-0D81B336D4A3}.Debug|Any CPU.Build.0 = Debug|Any CPU
		{D034519E-AF4F-46F7-B09D-0D81B336D4A3}.Release|Any CPU.ActiveCfg = Release|Any CPU
		{D034519E-AF4F-46F7-B09D-0D81B336D4A3}.Release|Any CPU.Build.0 = Release|Any CPU
		{3B4EF734-3AC9-4DF6-B637-7B079D0F34B8}.Debug|Any CPU.ActiveCfg = Debug|Any CPU
		{3B4EF734-3AC9-4DF6-B637-7B079D0F34B8}.Debug|Any CPU.Build.0 = Debug|Any CPU
		{3B4EF734-3AC9-4DF6-B637-7B079D0F34B8}.Release|Any CPU.ActiveCfg = Release|Any CPU
		{3B4EF734-3AC9-4DF6-B637-7B079D0F34B8}.Release|Any CPU.Build.0 = Release|Any CPU
		{860D2680-71C4-4FFF-8860-25AA3D303C07}.Debug|Any CPU.ActiveCfg = Debug|Any CPU
		{860D2680-71C4-4FFF-8860-25AA3D303C07}.Debug|Any CPU.Build.0 = Debug|Any CPU
		{860D2680-71C4-4FFF-8860-25AA3D303C07}.Release|Any CPU.ActiveCfg = Release|Any CPU
		{860D2680-71C4-4FFF-8860-25AA3D303C07}.Release|Any CPU.Build.0 = Release|Any CPU
		{77A386BD-F7C3-4D78-8B2A-1F63BBE974BE}.Debug|Any CPU.ActiveCfg = Debug|Any CPU
		{77A386BD-F7C3-4D78-8B2A-1F63BBE974BE}.Debug|Any CPU.Build.0 = Debug|Any CPU
		{77A386BD-F7C3-4D78-8B2A-1F63BBE974BE}.Release|Any CPU.ActiveCfg = Release|Any CPU
		{77A386BD-F7C3-4D78-8B2A-1F63BBE974BE}.Release|Any CPU.Build.0 = Release|Any CPU
		{FEC02BB9-DD02-4E28-AB78-9787D794D681}.Debug|Any CPU.ActiveCfg = Debug|Any CPU
		{FEC02BB9-DD02-4E28-AB78-9787D794D681}.Debug|Any CPU.Build.0 = Debug|Any CPU
		{FEC02BB9-DD02-4E28-AB78-9787D794D681}.Release|Any CPU.ActiveCfg = Release|Any CPU
		{FEC02BB9-DD02-4E28-AB78-9787D794D681}.Release|Any CPU.Build.0 = Release|Any CPU
		{9B45A877-7CC8-4A7C-8CAF-D5DCF9002EAF}.Debug|Any CPU.ActiveCfg = Debug|Any CPU
		{9B45A877-7CC8-4A7C-8CAF-D5DCF9002EAF}.Debug|Any CPU.Build.0 = Debug|Any CPU
		{9B45A877-7CC8-4A7C-8CAF-D5DCF9002EAF}.Release|Any CPU.ActiveCfg = Release|Any CPU
		{9B45A877-7CC8-4A7C-8CAF-D5DCF9002EAF}.Release|Any CPU.Build.0 = Release|Any CPU
	EndGlobalSection
EndGlobal
